
Microsoft Visual Studio Solution File, Format Version 12.00
# Visual Studio 14
VisualStudioVersion = 14.0.25420.1
MinimumVisualStudioVersion = 10.0.40219.1
Project("{2150E333-8FDC-42A3-9474-1A3956D46DE8}") = "Core", "Core", "{5801070A-595D-42C2-B387-CD1AC1A3FF77}"
EndProject
Project("{2150E333-8FDC-42A3-9474-1A3956D46DE8}") = "Infra", "Infra", "{5D5C09DB-8AA9-4115-B5A5-D4895F84C426}"
EndProject
Project("{2150E333-8FDC-42A3-9474-1A3956D46DE8}") = "Presentation", "Presentation", "{649C4380-B6A7-4725-A244-80A1D8B07B37}"
EndProject
Project("{2150E333-8FDC-42A3-9474-1A3956D46DE8}") = "Tests", "Tests", "{F0CA3421-381B-43AB-B044-3788034E01FD}"
EndProject
Project("{FAE04EC0-301F-11D3-BF4B-00C04F79EFBC}") = "Expenses.Core.Domain", "Expenses.Core.Domain\Expenses.Core.Domain.csproj", "{A52A312E-4480-4C14-AF3F-B1FE5B8E6591}"
EndProject
Project("{FAE04EC0-301F-11D3-BF4B-00C04F79EFBC}") = "Expenses.Core.Application", "Expenses.Core.Application\Expenses.Core.Application.csproj", "{A20008D6-E0F3-4484-867C-51D1D2B3CD24}"
EndProject
Project("{FAE04EC0-301F-11D3-BF4B-00C04F79EFBC}") = "Expenses.Infrastructure", "Expenses.Infrastructure\Expenses.Infrastructure.csproj", "{4642C368-54B7-478C-A350-BD05A7A56121}"
EndProject
Global
	GlobalSection(SolutionConfigurationPlatforms) = preSolution
		Debug|Any CPU = Debug|Any CPU
		Release|Any CPU = Release|Any CPU
	EndGlobalSection
	GlobalSection(ProjectConfigurationPlatforms) = postSolution
		{A52A312E-4480-4C14-AF3F-B1FE5B8E6591}.Debug|Any CPU.ActiveCfg = Debug|Any CPU
		{A52A312E-4480-4C14-AF3F-B1FE5B8E6591}.Debug|Any CPU.Build.0 = Debug|Any CPU
		{A52A312E-4480-4C14-AF3F-B1FE5B8E6591}.Release|Any CPU.ActiveCfg = Release|Any CPU
		{A52A312E-4480-4C14-AF3F-B1FE5B8E6591}.Release|Any CPU.Build.0 = Release|Any CPU
		{A20008D6-E0F3-4484-867C-51D1D2B3CD24}.Debug|Any CPU.ActiveCfg = Debug|Any CPU
		{A20008D6-E0F3-4484-867C-51D1D2B3CD24}.Debug|Any CPU.Build.0 = Debug|Any CPU
		{A20008D6-E0F3-4484-867C-51D1D2B3CD24}.Release|Any CPU.ActiveCfg = Release|Any CPU
		{A20008D6-E0F3-4484-867C-51D1D2B3CD24}.Release|Any CPU.Build.0 = Release|Any CPU
		{4642C368-54B7-478C-A350-BD05A7A56121}.Debug|Any CPU.ActiveCfg = Debug|Any CPU
		{4642C368-54B7-478C-A350-BD05A7A56121}.Debug|Any CPU.Build.0 = Debug|Any CPU
		{4642C368-54B7-478C-A350-BD05A7A56121}.Release|Any CPU.ActiveCfg = Release|Any CPU
		{4642C368-54B7-478C-A350-BD05A7A56121}.Release|Any CPU.Build.0 = Release|Any CPU
	EndGlobalSection
	GlobalSection(SolutionProperties) = preSolution
		HideSolutionNode = FALSE
	EndGlobalSection
	GlobalSection(NestedProjects) = preSolution
		{A52A312E-4480-4C14-AF3F-B1FE5B8E6591} = {5801070A-595D-42C2-B387-CD1AC1A3FF77}
		{A20008D6-E0F3-4484-867C-51D1D2B3CD24} = {5801070A-595D-42C2-B387-CD1AC1A3FF77}
		{4642C368-54B7-478C-A350-BD05A7A56121} = {5D5C09DB-8AA9-4115-B5A5-D4895F84C426}
	EndGlobalSection
EndGlobal
